
Microsoft Visual Studio Solution File, Format Version 12.00
# Visual Studio 2013
VisualStudioVersion = 12.0.21005.1
MinimumVisualStudioVersion = 10.0.40219.1
Project("{FAE04EC0-301F-11D3-BF4B-00C04F79EFBC}") = "Tri2", "Tri2\Tri2.csproj", "{DE662D05-F8F0-4F64-B72C-7403E4FB0373}"
EndProject
Project("{FAE04EC0-301F-11D3-BF4B-00C04F79EFBC}") = "UnitTestProject1", "UnitTestProject1\UnitTestProject1.csproj", "{BE32B67C-9452-4D30-9154-55FB37DA64F1}"
EndProject
Global
	GlobalSection(SolutionConfigurationPlatforms) = preSolution
		Debug|Any CPU = Debug|Any CPU
		Release|Any CPU = Release|Any CPU
	EndGlobalSection
	GlobalSection(ProjectConfigurationPlatforms) = postSolution
		{DE662D05-F8F0-4F64-B72C-7403E4FB0373}.Debug|Any CPU.ActiveCfg = Debug|Any CPU
		{DE662D05-F8F0-4F64-B72C-7403E4FB0373}.Debug|Any CPU.Build.0 = Debug|Any CPU
		{DE662D05-F8F0-4F64-B72C-7403E4FB0373}.Release|Any CPU.ActiveCfg = Release|Any CPU
		{DE662D05-F8F0-4F64-B72C-7403E4FB0373}.Release|Any CPU.Build.0 = Release|Any CPU
		{BE32B67C-9452-4D30-9154-55FB37DA64F1}.Debug|Any CPU.ActiveCfg = Debug|Any CPU
		{BE32B67C-9452-4D30-9154-55FB37DA64F1}.Debug|Any CPU.Build.0 = Debug|Any CPU
		{BE32B67C-9452-4D30-9154-55FB37DA64F1}.Release|Any CPU.ActiveCfg = Release|Any CPU
		{BE32B67C-9452-4D30-9154-55FB37DA64F1}.Release|Any CPU.Build.0 = Release|Any CPU
	EndGlobalSection
	GlobalSection(SolutionProperties) = preSolution
		HideSolutionNode = FALSE
	EndGlobalSection
EndGlobal
